Microsoft Visual Studio Solution File, Format Version 11.00
# Visual Studio 2008

Project("{EEEA3D5B-6713-9D97-0637-E3944DA2996E}") = "CSITRunner", "Assembly-CSharp.csproj", "{7FD881FE-3557-2164-2FE6-1C3289ABB438}"
EndProject
Global
	GlobalSection(SolutionConfigurationPlatforms) = preSolution
		Debug|Any CPU = Debug|Any CPU
		Release|Any CPU = Release|Any CPU
	EndGlobalSection
	GlobalSection(ProjectConfigurationPlatforms) = postSolution
		{7FD881FE-3557-2164-2FE6-1C3289ABB438}.Debug|Any CPU.ActiveCfg = Debug|Any CPU
		{7FD881FE-3557-2164-2FE6-1C3289ABB438}.Debug|Any CPU.Build.0 = Debug|Any CPU
		{7FD881FE-3557-2164-2FE6-1C3289ABB438}.Release|Any CPU.ActiveCfg = Release|Any CPU
		{7FD881FE-3557-2164-2FE6-1C3289ABB438}.Release|Any CPU.Build.0 = Release|Any CPU
	EndGlobalSection
	GlobalSection(SolutionProperties) = preSolution
		HideSolutionNode = FALSE
	EndGlobalSection
	GlobalSection(MonoDevelopProperties) = preSolution
		StartupItem = Assembly-CSharp.csproj
	EndGlobalSection
EndGlobal
